
Microsoft Visual Studio Solution File, Format Version 12.00
# Visual Studio Version 17
VisualStudioVersion = 17.11.35327.3
MinimumVisualStudioVersion = 10.0.40219.1
Project("{FAE04EC0-301F-11D3-BF4B-00C04F79EFBC}") = "TextCorrupterV2", "TextCorrupterV2.csproj", "{6DB3343C-7E4B-4BA7-A42D-60E76D86C4CE}"
EndProject
Global
	GlobalSection(SolutionConfigurationPlatforms) = preSolution
		Debug|Any CPU = Debug|Any CPU
		Release|Any CPU = Release|Any CPU
	EndGlobalSection
	GlobalSection(ProjectConfigurationPlatforms) = postSolution
		{6DB3343C-7E4B-4BA7-A42D-60E76D86C4CE}.Debug|Any CPU.ActiveCfg = Debug|Any CPU
		{6DB3343C-7E4B-4BA7-A42D-60E76D86C4CE}.Debug|Any CPU.Build.0 = Debug|Any CPU
		{6DB3343C-7E4B-4BA7-A42D-60E76D86C4CE}.Release|Any CPU.ActiveCfg = Release|Any CPU
		{6DB3343C-7E4B-4BA7-A42D-60E76D86C4CE}.Release|Any CPU.Build.0 = Release|Any CPU
	EndGlobalSection
	GlobalSection(SolutionProperties) = preSolution
		HideSolutionNode = FALSE
	EndGlobalSection
	GlobalSection(ExtensibilityGlobals) = postSolution
		SolutionGuid = {64F34326-CB2A-433C-9D3C-9B9CB686446C}
	EndGlobalSection
EndGlobal
